
Microsoft Visual Studio Solution File, Format Version 12.00
# Visual Studio Version 16
Project("{8BC9CEB8-8B4A-11D0-8D11-00A0C91BC942}") = "TerraForge3D", "TerraForge3D\TerraForge3D\TerraForge3D.vcxproj", "{EDDAC34E-D93D-53F3-82C3-8BA96E051F76}"
EndProject
Project("{8BC9CEB8-8B4A-11D0-8D11-00A0C91BC942}") = "TerraForge3DLib", "TerraForge3D\TerraForge3DLib\TerraForge3DLib.vcxproj", "{04E1F0F3-706C-5EB8-797D-E1ACE587BAB8}"
EndProject
Global
	GlobalSection(SolutionConfigurationPlatforms) = preSolution
		DebugOpenCL|x64 = DebugOpenCL|x64
		DebugVkCompute|x64 = DebugVkCompute|x64
		ReleaseOpenCL|x64 = ReleaseOpenCL|x64
		ReleaseVkCompute|x64 = ReleaseVkCompute|x64
	EndGlobalSection
	GlobalSection(ProjectConfigurationPlatforms) = postSolution
		{EDDAC34E-D93D-53F3-82C3-8BA96E051F76}.DebugOpenCL|x64.ActiveCfg = DebugOpenCL|x64
		{EDDAC34E-D93D-53F3-82C3-8BA96E051F76}.DebugOpenCL|x64.Build.0 = DebugOpenCL|x64
		{EDDAC34E-D93D-53F3-82C3-8BA96E051F76}.DebugVkCompute|x64.ActiveCfg = DebugVkCompute|x64
		{EDDAC34E-D93D-53F3-82C3-8BA96E051F76}.DebugVkCompute|x64.Build.0 = DebugVkCompute|x64
		{EDDAC34E-D93D-53F3-82C3-8BA96E051F76}.ReleaseOpenCL|x64.ActiveCfg = ReleaseOpenCL|x64
		{EDDAC34E-D93D-53F3-82C3-8BA96E051F76}.ReleaseOpenCL|x64.Build.0 = ReleaseOpenCL|x64
		{EDDAC34E-D93D-53F3-82C3-8BA96E051F76}.ReleaseVkCompute|x64.ActiveCfg = ReleaseVkCompute|x64
		{EDDAC34E-D93D-53F3-82C3-8BA96E051F76}.ReleaseVkCompute|x64.Build.0 = ReleaseVkCompute|x64
		{04E1F0F3-706C-5EB8-797D-E1ACE587BAB8}.DebugOpenCL|x64.ActiveCfg = DebugOpenCL|x64
		{04E1F0F3-706C-5EB8-797D-E1ACE587BAB8}.DebugOpenCL|x64.Build.0 = DebugOpenCL|x64
		{04E1F0F3-706C-5EB8-797D-E1ACE587BAB8}.DebugVkCompute|x64.ActiveCfg = DebugVkCompute|x64
		{04E1F0F3-706C-5EB8-797D-E1ACE587BAB8}.DebugVkCompute|x64.Build.0 = DebugVkCompute|x64
		{04E1F0F3-706C-5EB8-797D-E1ACE587BAB8}.ReleaseOpenCL|x64.ActiveCfg = ReleaseOpenCL|x64
		{04E1F0F3-706C-5EB8-797D-E1ACE587BAB8}.ReleaseOpenCL|x64.Build.0 = ReleaseOpenCL|x64
		{04E1F0F3-706C-5EB8-797D-E1ACE587BAB8}.ReleaseVkCompute|x64.ActiveCfg = ReleaseVkCompute|x64
		{04E1F0F3-706C-5EB8-797D-E1ACE587BAB8}.ReleaseVkCompute|x64.Build.0 = ReleaseVkCompute|x64
	EndGlobalSection
	GlobalSection(SolutionProperties) = preSolution
		HideSolutionNode = FALSE
	EndGlobalSection
EndGlobal
